{
  "name": "example",
  "lockfileVersion": 2,
  "requires": true,
  "packages": {
    "": {
      "name": "example",
      "hasInstallScript": true,
      "devDependencies": {
        "elm-tooling": "1.6.0",
        "elm-watch": "file:../build"
      }
    },
    "../build": {
      "version": "0.1.0",
      "dev": true,
      "license": "MIT",
      "dependencies": {
        "chokidar": "^3.5.2",
        "cross-spawn": "^7.0.3",
        "tiny-decoders": "^6.0.0",
        "ws": "^8.2.3"
      },
      "bin": {
        "elm-watch": "index.js"
      }
    },
    "node_modules/elm-tooling": {
      "version": "1.6.0",
      "resolved": "https://registry.npmjs.org/elm-tooling/-/elm-tooling-1.6.0.tgz",
      "integrity": "sha512-quliLTmqEcqqFZEcJKnYcZ9BrL1K2sYvtryQl6BfaMD6HaI8oRaZYDPY/Ihdo7X7t7mY5TbSlrcxv6coJgWwtA==",
      "dev": true,
      "bin": {
        "elm-tooling": "index.js"
      }
    },
    "node_modules/elm-watch": {
      "resolved": "../build",
      "link": true
    }
  },
  "dependencies": {
    "elm-tooling": {
      "version": "1.6.0",
      "resolved": "https://registry.npmjs.org/elm-tooling/-/elm-tooling-1.6.0.tgz",
      "integrity": "sha512-quliLTmqEcqqFZEcJKnYcZ9BrL1K2sYvtryQl6BfaMD6HaI8oRaZYDPY/Ihdo7X7t7mY5TbSlrcxv6coJgWwtA==",
      "dev": true
    },
    "elm-watch": {
      "version": "file:../build",
      "requires": {
        "chokidar": "^3.5.2",
        "cross-spawn": "^7.0.3",
        "tiny-decoders": "^6.0.0",
        "ws": "^8.2.3"
      }
    }
  }
}
