{
  "name": "example-minimal",
  "lockfileVersion": 2,
  "requires": true,
  "packages": {
    "": {
      "name": "example-minimal",
      "hasInstallScript": true,
      "devDependencies": {
        "elm-tooling": "1.12.0",
        "elm-watch": "file:../build"
      }
    },
    "../build": {
      "name": "elm-watch",
      "version": "1.1.1",
      "dev": true,
      "license": "MIT",
      "dependencies": {
        "chokidar": "^3.5.3",
        "cross-spawn": "^7.0.3",
        "ws": "^8.11.0"
      },
      "bin": {
        "elm-watch": "index.js"
      }
    },
    "node_modules/elm-tooling": {
      "version": "1.12.0",
      "resolved": "https://registry.npmjs.org/elm-tooling/-/elm-tooling-1.12.0.tgz",
      "integrity": "sha512-ySc57WhLltqqpBmkYp9EGuDfd8+PhVgin3fYdAU5MvoOLLRf5O+6oHl26XK37T3FEH6yLi5zEHauYgNTGeHbwg==",
      "dev": true,
      "bin": {
        "elm-tooling": "index.js"
      }
    },
    "node_modules/elm-watch": {
      "resolved": "../build",
      "link": true
    }
  },
  "dependencies": {
    "elm-tooling": {
      "version": "1.12.0",
      "resolved": "https://registry.npmjs.org/elm-tooling/-/elm-tooling-1.12.0.tgz",
      "integrity": "sha512-ySc57WhLltqqpBmkYp9EGuDfd8+PhVgin3fYdAU5MvoOLLRf5O+6oHl26XK37T3FEH6yLi5zEHauYgNTGeHbwg==",
      "dev": true
    },
    "elm-watch": {
      "version": "file:../build",
      "requires": {
        "chokidar": "^3.5.3",
        "cross-spawn": "^7.0.3",
        "ws": "^8.11.0"
      }
    }
  }
}
