{
  "name": "example-minimal",
  "lockfileVersion": 3,
  "requires": true,
  "packages": {
    "": {
      "name": "example-minimal",
      "hasInstallScript": true,
      "devDependencies": {
        "elm-tooling": "1.16.0",
        "elm-watch": "file:../build"
      }
    },
    "../build": {
      "name": "elm-watch",
      "version": "1.2.3",
      "dev": true,
      "license": "MIT",
      "dependencies": {
        "chokidar": "^3.5.3",
        "cross-spawn": "^7.0.6",
        "tiny-decoders": "^23.0.0",
        "ws": "^8.18.0"
      },
      "bin": {
        "elm-watch": "index.js"
      }
    },
    "node_modules/elm-tooling": {
      "version": "1.16.0",
      "resolved": "https://registry.npmjs.org/elm-tooling/-/elm-tooling-1.16.0.tgz",
      "integrity": "sha512-XlYdWHopiMOyRTwbbsRKuYA9Zf84gqQ2IZooFS4tVEG31UBdRQ8BZvaPYT3XvCbW2l5sW1idBhUNzUkCQ9rTGA==",
      "dev": true,
      "license": "MIT",
      "bin": {
        "elm-tooling": "index.js"
      }
    },
    "node_modules/elm-watch": {
      "resolved": "../build",
      "link": true
    }
  }
}
